
Microsoft Visual Studio Solution File, Format Version 12.00
# Visual Studio Version 16
VisualStudioVersion = 16.0.30804.86
MinimumVisualStudioVersion = 10.0.40219.1
Project("{8BC9CEB8-8B4A-11D0-8D11-00A0C91BC942}") = "MyObject_Win32Project_MM", "MyObject_Win32Project_MM\MyObject_Win32Project_MM.vcxproj", "{F1D93EE6-9A8A-41C7-8E1A-E064D67F197E}"
EndProject
Global
	GlobalSection(SolutionConfigurationPlatforms) = preSolution
		Debug|x64 = Debug|x64
		Debug|x86 = Debug|x86
		Release|x64 = Release|x64
		Release|x86 = Release|x86
	EndGlobalSection
	GlobalSection(ProjectConfigurationPlatforms) = postSolution
		{F1D93EE6-9A8A-41C7-8E1A-E064D67F197E}.Debug|x64.ActiveCfg = Debug|x64
		{F1D93EE6-9A8A-41C7-8E1A-E064D67F197E}.Debug|x64.Build.0 = Debug|x64
		{F1D93EE6-9A8A-41C7-8E1A-E064D67F197E}.Debug|x86.ActiveCfg = Debug|Win32
		{F1D93EE6-9A8A-41C7-8E1A-E064D67F197E}.Debug|x86.Build.0 = Debug|Win32
		{F1D93EE6-9A8A-41C7-8E1A-E064D67F197E}.Release|x64.ActiveCfg = Release|x64
		{F1D93EE6-9A8A-41C7-8E1A-E064D67F197E}.Release|x64.Build.0 = Release|x64
		{F1D93EE6-9A8A-41C7-8E1A-E064D67F197E}.Release|x86.ActiveCfg = Release|Win32
		{F1D93EE6-9A8A-41C7-8E1A-E064D67F197E}.Release|x86.Build.0 = Release|Win32
	EndGlobalSection
	GlobalSection(SolutionProperties) = preSolution
		HideSolutionNode = FALSE
	EndGlobalSection
	GlobalSection(ExtensibilityGlobals) = postSolution
		SolutionGuid = {0FE79DC8-6EB8-448B-9451-8A2D65AB076A}
	EndGlobalSection
EndGlobal
